
Microsoft Visual Studio Solution File, Format Version 12.00
# Visual Studio Version 17
VisualStudioVersion = 17.0.31903.59
MinimumVisualStudioVersion = 10.0.40219.1
Project("{FAE04EC0-301F-11D3-BF4B-00C04F79EFBC}") = "TransacaoFinanceira", "TransacaoFinanceira\TransacaoFinanceira.csproj", "{DA355204-DA98-41A2-96C2-69A76D59D190}"
EndProject
Project("{FAE04EC0-301F-11D3-BF4B-00C04F79EFBC}") = "TransferirTeste", "TransferirTeste\TransferirTeste.csproj", "{70D15108-42DF-48CC-B459-8F7758B113CB}"
EndProject
Global
	GlobalSection(SolutionConfigurationPlatforms) = preSolution
		Debug|Any CPU = Debug|Any CPU
		Release|Any CPU = Release|Any CPU
	EndGlobalSection
	GlobalSection(SolutionProperties) = preSolution
		HideSolutionNode = FALSE
	EndGlobalSection
	GlobalSection(ProjectConfigurationPlatforms) = postSolution
		{DA355204-DA98-41A2-96C2-69A76D59D190}.Debug|Any CPU.ActiveCfg = Debug|Any CPU
		{DA355204-DA98-41A2-96C2-69A76D59D190}.Debug|Any CPU.Build.0 = Debug|Any CPU
		{DA355204-DA98-41A2-96C2-69A76D59D190}.Release|Any CPU.ActiveCfg = Release|Any CPU
		{DA355204-DA98-41A2-96C2-69A76D59D190}.Release|Any CPU.Build.0 = Release|Any CPU
		{70D15108-42DF-48CC-B459-8F7758B113CB}.Debug|Any CPU.ActiveCfg = Debug|Any CPU
		{70D15108-42DF-48CC-B459-8F7758B113CB}.Debug|Any CPU.Build.0 = Debug|Any CPU
		{70D15108-42DF-48CC-B459-8F7758B113CB}.Release|Any CPU.ActiveCfg = Release|Any CPU
		{70D15108-42DF-48CC-B459-8F7758B113CB}.Release|Any CPU.Build.0 = Release|Any CPU
	EndGlobalSection
EndGlobal
